{
  "version": 4,
  "terraform_version": "1.6.6",
  "serial": 21,
  "lineage": "34d34328-ccaf-4af8-d103-8ad60ea6974a",
  "outputs": {
    "job_id": {
      "value": "597900682906543",
      "type": "string"
    },
    "volume_uri": {
      "value": "dbfs:/Volumes/northwind/bronze/source",
      "type": "string"
    }
  },
  "resources": [
    {
      "mode": "managed",
      "type": "databricks_job",
      "name": "ingest_bronze_delta",
      "provider": "provider[\"registry.terraform.io/databricks/databricks\"]",
      "instances": [
        {
          "schema_version": 2,
          "attributes": {
            "always_running": false,
            "compute": [],
            "continuous": [],
            "control_run_state": false,
            "dbt_task": [],
            "email_notifications": [
              {
                "alert_on_last_attempt": false,
                "no_alert_for_skipped_runs": false,
                "on_duration_warning_threshold_exceeded": [],
                "on_failure": [],
                "on_start": [],
                "on_success": []
              }
            ],
            "existing_cluster_id": null,
            "format": "MULTI_TASK",
            "git_source": [],
            "health": [],
            "id": "597900682906543",
            "job_cluster": [],
            "library": [],
            "max_concurrent_runs": 1,
            "max_retries": 0,
            "min_retry_interval_millis": 0,
            "name": "Ingest bronze as Delta Tables (Serverless)",
            "new_cluster": [],
            "notebook_task": [],
            "notification_settings": [],
            "pipeline_task": [],
            "python_wheel_task": [],
            "queue": [],
            "retry_on_timeout": false,
            "run_as": [],
            "schedule": [],
            "spark_jar_task": [],
            "spark_python_task": [],
            "spark_submit_task": [],
            "tags": {
              "environment": "dev",
              "owner": "matheusvaz"
            },
            "task": [
              {
                "compute_key": "",
                "condition_task": [],
                "dbt_task": [],
                "depends_on": [],
                "description": "",
                "email_notifications": [
                  {
                    "alert_on_last_attempt": false,
                    "no_alert_for_skipped_runs": false,
                    "on_duration_warning_threshold_exceeded": [],
                    "on_failure": [],
                    "on_start": [],
                    "on_success": []
                  }
                ],
                "existing_cluster_id": "",
                "health": [],
                "job_cluster_key": "",
                "library": [],
                "max_retries": 0,
                "min_retry_interval_millis": 0,
                "new_cluster": [],
                "notebook_task": [
                  {
                    "base_parameters": null,
                    "notebook_path": "/Users/matheusvaz.data@gmail.com/ingest_bronze_delta",
                    "source": "WORKSPACE"
                  }
                ],
                "notification_settings": [],
                "pipeline_task": [],
                "python_wheel_task": [],
                "retry_on_timeout": false,
                "run_if": "ALL_SUCCESS",
                "spark_jar_task": [],
                "spark_python_task": [],
                "spark_submit_task": [],
                "sql_task": [],
                "task_key": "ingest_bronze_delta",
                "timeout_seconds": 0
              }
            ],
            "timeout_seconds": 0,
            "timeouts": null,
            "trigger": [],
            "url": "https://dbc-9e667747-6b37.cloud.databricks.com/#job/597900682906543",
            "webhook_notifications": [
              {
                "on_duration_warning_threshold_exceeded": [],
                "on_failure": [],
                "on_start": [],
                "on_success": []
              }
            ]
          },
          "sensitive_attributes": [],
          "private": "eyJlMmJmYjczMC1lY2FhLTExZTYtOGY4OC0zNDM2M2JjN2M0YzAiOnsiY3JlYXRlIjoxODAwMDAwMDAwMDAwLCJ1cGRhdGUiOjE4MDAwMDAwMDAwMDB9LCJzY2hlbWFfdmVyc2lvbiI6IjIifQ=="
        }
      ]
    },
    {
      "mode": "managed",
      "type": "databricks_notebook",
      "name": "ingest_bronze_delta",
      "provider": "provider[\"registry.terraform.io/databricks/databricks\"]",
      "instances": [
        {
          "schema_version": 1,
          "attributes": {
            "content_base64": null,
            "format": "SOURCE",
            "id": "/Users/matheusvaz.data@gmail.com/ingest_bronze_delta",
            "language": "PYTHON",
            "md5": "42ab575b77acb041de5a169ac4fa2195",
            "object_id": 2313390410667022,
            "object_type": "NOTEBOOK",
            "path": "/Users/matheusvaz.data@gmail.com/ingest_bronze_delta",
            "source": "./notebooks/ingest_bronze_delta.py",
            "url": "https://dbc-9e667747-6b37.cloud.databricks.com/#workspace/Users/matheusvaz.data@gmail.com/ingest_bronze_delta"
          },
          "sensitive_attributes": [],
          "private": "eyJzY2hlbWFfdmVyc2lvbiI6IjEifQ=="
        }
      ]
    },
    {
      "mode": "managed",
      "type": "databricks_schema",
      "name": "schema",
      "provider": "provider[\"registry.terraform.io/databricks/databricks\"]",
      "instances": [
        {
          "schema_version": 0,
          "attributes": {
            "catalog_name": "northwind",
            "comment": "Schema bronze para ingestão",
            "force_destroy": false,
            "id": "northwind.bronze",
            "metastore_id": "787254a6-b66a-4f7e-8185-db464ca9a17b",
            "name": "bronze",
            "owner": "matheusvaz.data@gmail.com",
            "properties": null,
            "storage_root": null
          },
          "sensitive_attributes": [],
          "private": "bnVsbA=="
        }
      ]
    },
    {
      "mode": "managed",
      "type": "databricks_volume",
      "name": "volume",
      "provider": "provider[\"registry.terraform.io/databricks/databricks\"]",
      "instances": [
        {
          "schema_version": 0,
          "attributes": {
            "catalog_name": "northwind",
            "comment": "Volume para armazenamento de arquivos brutos",
            "id": "northwind.bronze.source",
            "name": "source",
            "owner": "matheusvaz.data@gmail.com",
            "schema_name": "bronze",
            "storage_location": "s3://dbstorage-prod-iop59/uc/822540f8-93b8-4960-9ea0-ce76148eb282/787254a6-b66a-4f7e-8185-db464ca9a17b/__unitystorage/catalogs/79f91a0a-6aba-41d7-be8d-4fd64b2d02f9/volumes/5b372eb8-fb14-4fbf-9f95-b258101498db",
            "volume_type": "MANAGED"
          },
          "sensitive_attributes": [],
          "private": "bnVsbA==",
          "dependencies": [
            "databricks_schema.schema"
          ]
        }
      ]
    }
  ],
  "check_results": null
}
